
Microsoft Visual Studio Solution File, Format Version 12.00
# Visual Studio 15
VisualStudioVersion = 15.0.28307.1267
MinimumVisualStudioVersion = 10.0.40219.1
Project("{FAE04EC0-301F-11D3-BF4B-00C04F79EFBC}") = "MARKET_PROJESİ", "MARKET_PROJESİ\MARKET_PROJESİ.csproj", "{B5CBAD49-493D-440C-88AE-B3EF4C63DC63}"
EndProject
Global
	GlobalSection(SolutionConfigurationPlatforms) = preSolution
		Debug|Any CPU = Debug|Any CPU
		Release|Any CPU = Release|Any CPU
	EndGlobalSection
	GlobalSection(ProjectConfigurationPlatforms) = postSolution
		{B5CBAD49-493D-440C-88AE-B3EF4C63DC63}.Debug|Any CPU.ActiveCfg = Debug|Any CPU
		{B5CBAD49-493D-440C-88AE-B3EF4C63DC63}.Debug|Any CPU.Build.0 = Debug|Any CPU
		{B5CBAD49-493D-440C-88AE-B3EF4C63DC63}.Release|Any CPU.ActiveCfg = Release|Any CPU
		{B5CBAD49-493D-440C-88AE-B3EF4C63DC63}.Release|Any CPU.Build.0 = Release|Any CPU
	EndGlobalSection
	GlobalSection(SolutionProperties) = preSolution
		HideSolutionNode = FALSE
	EndGlobalSection
	GlobalSection(ExtensibilityGlobals) = postSolution
		SolutionGuid = {BEABCD87-93D1-4A8F-9A05-06E414ABE7EA}
	EndGlobalSection
EndGlobal
